<Solution>
  <Folder Name="/docs/">
    <File Path="ADR-01-Giovana-Diaz.md" />
    <File Path="Dressly/docs/ADR-02-Giovana-Diaz.md" />
  </Folder>
  <Project Path="Dressly.Domain/Dressly.Domain.csproj" Id="fcc6e692-7020-4830-b8fe-55fb9016c47b" />
  <Project Path="Dressly.Infrastructure/Dressly.Infrastructure.csproj" Id="802a6696-1873-4eef-b380-2f424f107349" />
  <Project Path="Dressly.Web/Dressly.Application.csproj" Id="8089e9c4-dcf2-4992-8c1b-696b6529e100" />
  <Project Path="Dressly/Dressly.Web.csproj" />
</Solution>
